<?xml version="1.0" encoding="utf-8"?>
<Project ToolsVersion="4.0" xmlns="http://schemas.microsoft.com/developer/msbuild/2003">
  <ItemGroup>
    <Filter Include="Source Files">
      <UniqueIdentifier>{4FC737F1-C7A5-4376-A066-2A32D752A2FF}</UniqueIdentifier>
      <Extensions>cpp;c;cc;cxx;c++;cppm;ixx;def;odl;idl;hpj;bat;asm;asmx</Extensions>
    </Filter>
    <Filter Include="Header Files">
      <UniqueIdentifier>{93995380-89BD-4b04-88EB-625FBE52EBFB}</UniqueIdentifier>
      <Extensions>h;hh;hpp;hxx;h++;hm;inl;inc;ipp;xsd</Extensions>
    </Filter>
    <Filter Include="Resource Files">
      <UniqueIdentifier>{67DA6AB6-F800-4c08-8B7A-83BB121AAD01}</UniqueIdentifier>
      <Extensions>rc;ico;cur;bmp;dlg;rc2;rct;bin;rgs;gif;jpg;jpeg;jpe;resx;tiff;tif;png;wav;mfcribbon-ms</Extensions>
    </Filter>
  </ItemGroup>
  <ItemGroup>
    <None Include="packages.config" />
  </ItemGroup>
  <ItemGroup>
    <ClCompile Include="3rdparty\glad.c">
      <Filter>Source Files</Filter>
    </ClCompile>
    <ClCompile Include="base\Window.cpp">
      <Filter>Source Files</Filter>
    </ClCompile>
    <ClCompile Include="core\ElenaApp.cpp">
      <Filter>Source Files</Filter>
    </ClCompile>
    <ClCompile Include="core\WindowInput.cpp">
      <Filter>Source Files</Filter>
    </ClCompile>
    <ClCompile Include="base\VertexBuffer.cpp">
      <Filter>Source Files</Filter>
    </ClCompile>
    <ClCompile Include="base\Shader.cpp">
      <Filter>Source Files</Filter>
    </ClCompile>
    <ClCompile Include="base\Texture2D.cpp">
      <Filter>Source Files</Filter>
    </ClCompile>
    <ClCompile Include="3rdparty\stb_image.cpp">
      <Filter>Source Files</Filter>
    </ClCompile>
    <ClCompile Include="camera\FPSCamera.cpp">
      <Filter>Source Files</Filter>
    </ClCompile>
    <ClCompile Include="core\Scene.cpp">
      <Filter>Source Files</Filter>
    </ClCompile>
    <ClCompile Include="core\SceneManager.cpp">
      <Filter>Source Files</Filter>
    </ClCompile>
    <ClCompile Include="camera\FPSCameraController.cpp">
      <Filter>Source Files</Filter>
    </ClCompile>
    <ClCompile Include="core\Mesh.cpp">
      <Filter>Source Files</Filter>
    </ClCompile>
    <ClCompile Include="core\Node.cpp">
      <Filter>Source Files</Filter>
    </ClCompile>
    <ClCompile Include="core\Transform.cpp">
      <Filter>Source Files</Filter>
    </ClCompile>
    <ClCompile Include="pipeline\BaseRenderPass.cpp">
      <Filter>Source Files</Filter>
    </ClCompile>
    <ClCompile Include="primitive\Primitive.cpp">
      <Filter>Source Files</Filter>
    </ClCompile>
    <ClCompile Include="base\FrameBuffer.cpp">
      <Filter>Source Files</Filter>
    </ClCompile>
    <ClCompile Include="base\RenderBuffer.cpp">
      <Filter>Source Files</Filter>
    </ClCompile>
    <ClCompile Include="pipeline\DepthOnlyRenderPass.cpp">
      <Filter>Source Files</Filter>
    </ClCompile>
    <ClCompile Include="utils\AssetsPath.cpp">
      <Filter>Source Files</Filter>
    </ClCompile>
    <ClCompile Include="light\DirectionalLight.cpp">
      <Filter>Source Files</Filter>
    </ClCompile>
    <ClCompile Include="pipeline\Texture2DViewRenderPass.cpp">
      <Filter>Source Files</Filter>
    </ClCompile>
    <ClCompile Include="3rdparty\imgui\imgui.cpp">
      <Filter>Source Files</Filter>
    </ClCompile>
    <ClCompile Include="3rdparty\imgui\imgui_demo.cpp">
      <Filter>Source Files</Filter>
    </ClCompile>
    <ClCompile Include="3rdparty\imgui\imgui_draw.cpp">
      <Filter>Source Files</Filter>
    </ClCompile>
    <ClCompile Include="3rdparty\imgui\imgui_impl_glfw.cpp">
      <Filter>Source Files</Filter>
    </ClCompile>
    <ClCompile Include="3rdparty\imgui\imgui_impl_opengl3.cpp">
      <Filter>Source Files</Filter>
    </ClCompile>
    <ClCompile Include="3rdparty\imgui\imgui_stdlib.cpp">
      <Filter>Source Files</Filter>
    </ClCompile>
    <ClCompile Include="3rdparty\imgui\imgui_tables.cpp">
      <Filter>Source Files</Filter>
    </ClCompile>
    <ClCompile Include="3rdparty\imgui\imgui_widgets.cpp">
      <Filter>Source Files</Filter>
    </ClCompile>
    <ClCompile Include="core\WindowUI.cpp">
      <Filter>Source Files</Filter>
    </ClCompile>
    <ClCompile Include="material\PhongMaterial.cpp">
      <Filter>Source Files</Filter>
    </ClCompile>
    <ClCompile Include="utils\MeshImporter.cpp">
      <Filter>Source Files</Filter>
    </ClCompile>
    <ClCompile Include="material\BlankMaterial.cpp">
      <Filter>Source Files</Filter>
    </ClCompile>
    <ClCompile Include="material\CheckerMaterial.cpp">
      <Filter>Source Files</Filter>
    </ClCompile>
  </ItemGroup>
  <ItemGroup>
    <ClInclude Include="base\Window.h">
      <Filter>Header Files</Filter>
    </ClInclude>
    <ClInclude Include="core\ElenaApp.h">
      <Filter>Header Files</Filter>
    </ClInclude>
    <ClInclude Include="core\WindowInput.h">
      <Filter>Header Files</Filter>
    </ClInclude>
    <ClInclude Include="base\VertexBuffer.h">
      <Filter>Header Files</Filter>
    </ClInclude>
    <ClInclude Include="base\Shader.h">
      <Filter>Header Files</Filter>
    </ClInclude>
    <ClInclude Include="base\Texture2D.h">
      <Filter>Header Files</Filter>
    </ClInclude>
    <ClInclude Include="camera\FPSCamera.h">
      <Filter>Header Files</Filter>
    </ClInclude>
    <ClInclude Include="core\Scene.h">
      <Filter>Header Files</Filter>
    </ClInclude>
    <ClInclude Include="camera\Camera.h">
      <Filter>Header Files</Filter>
    </ClInclude>
    <ClInclude Include="core\SceneManager.h">
      <Filter>Header Files</Filter>
    </ClInclude>
    <ClInclude Include="camera\FPSCameraController.h">
      <Filter>Header Files</Filter>
    </ClInclude>
    <ClInclude Include="core\Mesh.h">
      <Filter>Header Files</Filter>
    </ClInclude>
    <ClInclude Include="material\Material.h">
      <Filter>Header Files</Filter>
    </ClInclude>
    <ClInclude Include="base\Texture.h">
      <Filter>Header Files</Filter>
    </ClInclude>
    <ClInclude Include="core\Node.h">
      <Filter>Header Files</Filter>
    </ClInclude>
    <ClInclude Include="core\Transform.h">
      <Filter>Header Files</Filter>
    </ClInclude>
    <ClInclude Include="pipeline\BaseRenderPass.h">
      <Filter>Header Files</Filter>
    </ClInclude>
    <ClInclude Include="primitive\Primitive.h">
      <Filter>Header Files</Filter>
    </ClInclude>
    <ClInclude Include="base\FrameBuffer.h">
      <Filter>Header Files</Filter>
    </ClInclude>
    <ClInclude Include="base\RenderBuffer.h">
      <Filter>Header Files</Filter>
    </ClInclude>
    <ClInclude Include="pipeline\RenderPass.h">
      <Filter>Header Files</Filter>
    </ClInclude>
    <ClInclude Include="pipeline\DepthOnlyRenderPass.h">
      <Filter>Header Files</Filter>
    </ClInclude>
    <ClInclude Include="utils\AssetsPath.h">
      <Filter>Header Files</Filter>
    </ClInclude>
    <ClInclude Include="light\Light.h">
      <Filter>Header Files</Filter>
    </ClInclude>
    <ClInclude Include="light\DirectionalLight.h">
      <Filter>Header Files</Filter>
    </ClInclude>
    <ClInclude Include="pipeline\Texture2DViewRenderPass.h">
      <Filter>Header Files</Filter>
    </ClInclude>
    <ClInclude Include="3rdparty\imgui\imconfig.h">
      <Filter>Header Files</Filter>
    </ClInclude>
    <ClInclude Include="3rdparty\imgui\imgui.h">
      <Filter>Header Files</Filter>
    </ClInclude>
    <ClInclude Include="3rdparty\imgui\imgui_impl_glfw.h">
      <Filter>Header Files</Filter>
    </ClInclude>
    <ClInclude Include="3rdparty\imgui\imgui_impl_opengl3.h">
      <Filter>Header Files</Filter>
    </ClInclude>
    <ClInclude Include="3rdparty\imgui\imgui_impl_opengl3_loader.h">
      <Filter>Header Files</Filter>
    </ClInclude>
    <ClInclude Include="3rdparty\imgui\imgui_internal.h">
      <Filter>Header Files</Filter>
    </ClInclude>
    <ClInclude Include="3rdparty\imgui\imgui_stdlib.h">
      <Filter>Header Files</Filter>
    </ClInclude>
    <ClInclude Include="3rdparty\imgui\imstb_rectpack.h">
      <Filter>Header Files</Filter>
    </ClInclude>
    <ClInclude Include="3rdparty\imgui\imstb_textedit.h">
      <Filter>Header Files</Filter>
    </ClInclude>
    <ClInclude Include="3rdparty\imgui\imstb_truetype.h">
      <Filter>Header Files</Filter>
    </ClInclude>
    <ClInclude Include="core\WindowUI.h">
      <Filter>Header Files</Filter>
    </ClInclude>
    <ClInclude Include="utils\def.h">
      <Filter>Header Files</Filter>
    </ClInclude>
    <ClInclude Include="material\PhongMaterial.h">
      <Filter>Header Files</Filter>
    </ClInclude>
    <ClInclude Include="utils\MeshImporter.h">
      <Filter>Header Files</Filter>
    </ClInclude>
    <ClInclude Include="material\BlankMaterial.h">
      <Filter>Header Files</Filter>
    </ClInclude>
    <ClInclude Include="material\CheckerMaterial.h">
      <Filter>Header Files</Filter>
    </ClInclude>
  </ItemGroup>
</Project>